
Microsoft Visual Studio Solution File, Format Version 12.00
# Visual Studio 15
Project("{FAE04EC0-301F-11D3-BF4B-00C04F79EFBC}") = "FMODUnity", "FMODUnity.csproj", "{C7E2B7C1-5F53-6146-46D3-2B8CB853F4F0}"
EndProject
Project("{FAE04EC0-301F-11D3-BF4B-00C04F79EFBC}") = "Unity.2D.Animation.Samples.Runtime", "Unity.2D.Animation.Samples.Runtime.csproj", "{AFA65E7B-54FD-7787-2002-C82C7E6E20AC}"
EndProject
Project("{FAE04EC0-301F-11D3-BF4B-00C04F79EFBC}") = "Assembly-CSharp", "Assembly-CSharp.csproj", "{CC10715D-F117-2E23-E21B-1C1518C8A92A}"
EndProject
Project("{FAE04EC0-301F-11D3-BF4B-00C04F79EFBC}") = "FMODUnityResonance", "FMODUnityResonance.csproj", "{EAF33AEC-3DD9-3D92-6570-10D66F792E71}"
EndProject
Project("{FAE04EC0-301F-11D3-BF4B-00C04F79EFBC}") = "Unity.2D.Animation.Samples.Dependency", "Unity.2D.Animation.Samples.Dependency.csproj", "{57506E20-9FD7-9C3F-CE0B-FCC3773271C9}"
EndProject
Project("{FAE04EC0-301F-11D3-BF4B-00C04F79EFBC}") = "FMODUnityEditor", "FMODUnityEditor.csproj", "{09B0B2CD-0C6A-A4A2-D2D1-E4F28E3C8EFC}"
EndProject
Project("{FAE04EC0-301F-11D3-BF4B-00C04F79EFBC}") = "FMODUnityResonanceEditor", "FMODUnityResonanceEditor.csproj", "{4F50F08D-B298-8549-5A05-1FC31EFB3CCE}"
EndProject
Project("{FAE04EC0-301F-11D3-BF4B-00C04F79EFBC}") = "Unity.2D.Animation.Samples.Editor", "Unity.2D.Animation.Samples.Editor.csproj", "{295A153D-B6C9-4468-5060-BB136FA80696}"
EndProject
Global
	GlobalSection(SolutionConfigurationPlatforms) = preSolution
		Debug|Any CPU = Debug|Any CPU
		Release|Any CPU = Release|Any CPU
	EndGlobalSection
	GlobalSection(ProjectConfigurationPlatforms) = postSolution
		{C7E2B7C1-5F53-6146-46D3-2B8CB853F4F0}.Debug|Any CPU.ActiveCfg = Debug|Any CPU
		{C7E2B7C1-5F53-6146-46D3-2B8CB853F4F0}.Debug|Any CPU.Build.0 = Debug|Any CPU
		{C7E2B7C1-5F53-6146-46D3-2B8CB853F4F0}.Release|Any CPU.ActiveCfg = Release|Any CPU
		{C7E2B7C1-5F53-6146-46D3-2B8CB853F4F0}.Release|Any CPU.Build.0 = Release|Any CPU
		{AFA65E7B-54FD-7787-2002-C82C7E6E20AC}.Debug|Any CPU.ActiveCfg = Debug|Any CPU
		{AFA65E7B-54FD-7787-2002-C82C7E6E20AC}.Debug|Any CPU.Build.0 = Debug|Any CPU
		{AFA65E7B-54FD-7787-2002-C82C7E6E20AC}.Release|Any CPU.ActiveCfg = Release|Any CPU
		{AFA65E7B-54FD-7787-2002-C82C7E6E20AC}.Release|Any CPU.Build.0 = Release|Any CPU
		{CC10715D-F117-2E23-E21B-1C1518C8A92A}.Debug|Any CPU.ActiveCfg = Debug|Any CPU
		{CC10715D-F117-2E23-E21B-1C1518C8A92A}.Debug|Any CPU.Build.0 = Debug|Any CPU
		{CC10715D-F117-2E23-E21B-1C1518C8A92A}.Release|Any CPU.ActiveCfg = Release|Any CPU
		{CC10715D-F117-2E23-E21B-1C1518C8A92A}.Release|Any CPU.Build.0 = Release|Any CPU
		{EAF33AEC-3DD9-3D92-6570-10D66F792E71}.Debug|Any CPU.ActiveCfg = Debug|Any CPU
		{EAF33AEC-3DD9-3D92-6570-10D66F792E71}.Debug|Any CPU.Build.0 = Debug|Any CPU
		{EAF33AEC-3DD9-3D92-6570-10D66F792E71}.Release|Any CPU.ActiveCfg = Release|Any CPU
		{EAF33AEC-3DD9-3D92-6570-10D66F792E71}.Release|Any CPU.Build.0 = Release|Any CPU
		{57506E20-9FD7-9C3F-CE0B-FCC3773271C9}.Debug|Any CPU.ActiveCfg = Debug|Any CPU
		{57506E20-9FD7-9C3F-CE0B-FCC3773271C9}.Debug|Any CPU.Build.0 = Debug|Any CPU
		{57506E20-9FD7-9C3F-CE0B-FCC3773271C9}.Release|Any CPU.ActiveCfg = Release|Any CPU
		{57506E20-9FD7-9C3F-CE0B-FCC3773271C9}.Release|Any CPU.Build.0 = Release|Any CPU
		{09B0B2CD-0C6A-A4A2-D2D1-E4F28E3C8EFC}.Debug|Any CPU.ActiveCfg = Debug|Any CPU
		{09B0B2CD-0C6A-A4A2-D2D1-E4F28E3C8EFC}.Debug|Any CPU.Build.0 = Debug|Any CPU
		{09B0B2CD-0C6A-A4A2-D2D1-E4F28E3C8EFC}.Release|Any CPU.ActiveCfg = Release|Any CPU
		{09B0B2CD-0C6A-A4A2-D2D1-E4F28E3C8EFC}.Release|Any CPU.Build.0 = Release|Any CPU
		{4F50F08D-B298-8549-5A05-1FC31EFB3CCE}.Debug|Any CPU.ActiveCfg = Debug|Any CPU
		{4F50F08D-B298-8549-5A05-1FC31EFB3CCE}.Debug|Any CPU.Build.0 = Debug|Any CPU
		{4F50F08D-B298-8549-5A05-1FC31EFB3CCE}.Release|Any CPU.ActiveCfg = Release|Any CPU
		{4F50F08D-B298-8549-5A05-1FC31EFB3CCE}.Release|Any CPU.Build.0 = Release|Any CPU
		{295A153D-B6C9-4468-5060-BB136FA80696}.Debug|Any CPU.ActiveCfg = Debug|Any CPU
		{295A153D-B6C9-4468-5060-BB136FA80696}.Debug|Any CPU.Build.0 = Debug|Any CPU
		{295A153D-B6C9-4468-5060-BB136FA80696}.Release|Any CPU.ActiveCfg = Release|Any CPU
		{295A153D-B6C9-4468-5060-BB136FA80696}.Release|Any CPU.Build.0 = Release|Any CPU
	EndGlobalSection
	GlobalSection(SolutionProperties) = preSolution
		HideSolutionNode = FALSE
	EndGlobalSection
EndGlobal
