
Microsoft Visual Studio Solution File, Format Version 12.00
# Visual Studio 15
Project("{FAE04EC0-301F-11D3-BF4B-00C04F79EFBC}") = "UnityEngine.UI", "UnityEngine.UI.csproj", "{2293456A-6295-4231-701A-90B6AAFC2875}"
EndProject
Project("{FAE04EC0-301F-11D3-BF4B-00C04F79EFBC}") = "Unity.RenderPipelines.Core.Runtime", "Unity.RenderPipelines.Core.Runtime.csproj", "{6937F6A8-3AB3-AE1A-48CE-AE8E6693FA8A}"
EndProject
Project("{FAE04EC0-301F-11D3-BF4B-00C04F79EFBC}") = "UnityEngine.TestRunner", "UnityEngine.TestRunner.csproj", "{9794F83A-4066-6419-A3E1-A9025D759C1E}"
EndProject
Project("{FAE04EC0-301F-11D3-BF4B-00C04F79EFBC}") = "Unity.Mathematics", "Unity.Mathematics.csproj", "{50C69ABC-7784-F07D-A5CE-7753C644179D}"
EndProject
Project("{FAE04EC0-301F-11D3-BF4B-00C04F79EFBC}") = "Unity.RenderPipelines.Universal.Runtime", "Unity.RenderPipelines.Universal.Runtime.csproj", "{CFD063AE-C1CE-A13D-430B-ABFC6F409C6A}"
EndProject
Project("{FAE04EC0-301F-11D3-BF4B-00C04F79EFBC}") = "Unity.2D.Animation.Runtime", "Unity.2D.Animation.Runtime.csproj", "{676ECBCA-C808-4F99-DC1A-0404443EAB6E}"
EndProject
Project("{FAE04EC0-301F-11D3-BF4B-00C04F79EFBC}") = "Unity.TextMeshPro", "Unity.TextMeshPro.csproj", "{6998DBC7-58EF-CC20-D8D5-89A9A8CE5090}"
EndProject
Project("{FAE04EC0-301F-11D3-BF4B-00C04F79EFBC}") = "Unity.ProBuilder.Poly2Tri", "Unity.ProBuilder.Poly2Tri.csproj", "{1088DBEC-50CE-CFCA-1C59-16389DD6E53D}"
EndProject
Project("{FAE04EC0-301F-11D3-BF4B-00C04F79EFBC}") = "Cinemachine", "Cinemachine.csproj", "{8F2769AD-58A2-9F34-292A-3ACBCFE2F07E}"
EndProject
Project("{FAE04EC0-301F-11D3-BF4B-00C04F79EFBC}") = "Unity.Timeline", "Unity.Timeline.csproj", "{E574012E-8516-E407-2775-93FA42489690}"
EndProject
Project("{FAE04EC0-301F-11D3-BF4B-00C04F79EFBC}") = "Unity.ProBuilder", "Unity.ProBuilder.csproj", "{6DEDC28B-1F96-E0BC-327C-AF6DF99FFE58}"
EndProject
Project("{FAE04EC0-301F-11D3-BF4B-00C04F79EFBC}") = "Unity.2D.SpriteShape.Runtime", "Unity.2D.SpriteShape.Runtime.csproj", "{1B7453EE-FA8E-662F-9A70-B93B6582F83C}"
EndProject
Project("{FAE04EC0-301F-11D3-BF4B-00C04F79EFBC}") = "Assembly-CSharp", "Assembly-CSharp.csproj", "{9C3B3CEB-0D7C-36FE-E793-651EF7CDE4F6}"
EndProject
Project("{FAE04EC0-301F-11D3-BF4B-00C04F79EFBC}") = "Unity.ProBuilder.Csg", "Unity.ProBuilder.Csg.csproj", "{22EC11D5-D9AD-7455-AF9C-392A082BD4A2}"
EndProject
Project("{FAE04EC0-301F-11D3-BF4B-00C04F79EFBC}") = "Unity.2D.PixelPerfect", "Unity.2D.PixelPerfect.csproj", "{D80FDE0D-8875-4172-0B24-13FED460E0C2}"
EndProject
Project("{FAE04EC0-301F-11D3-BF4B-00C04F79EFBC}") = "Unity.2D.IK.Runtime", "Unity.2D.IK.Runtime.csproj", "{E83FC6FC-65B3-C274-1A04-1D701CEACD43}"
EndProject
Project("{FAE04EC0-301F-11D3-BF4B-00C04F79EFBC}") = "Unity.ProBuilder.KdTree", "Unity.ProBuilder.KdTree.csproj", "{273325FC-0A9C-E97C-ADC5-AB3CD9175D0B}"
EndProject
Project("{FAE04EC0-301F-11D3-BF4B-00C04F79EFBC}") = "Unity.2D.Common.Runtime", "Unity.2D.Common.Runtime.csproj", "{22816216-803D-0ECA-6056-C0FA8449C1E2}"
EndProject
Project("{FAE04EC0-301F-11D3-BF4B-00C04F79EFBC}") = "Unity.RenderPipelines.Core.ShaderLibrary", "Unity.RenderPipelines.Core.ShaderLibrary.csproj", "{D8EA1C8B-34CC-C8D2-63F7-389C96074BA8}"
EndProject
Project("{FAE04EC0-301F-11D3-BF4B-00C04F79EFBC}") = "Unity.InternalAPIEngineBridge.001", "Unity.InternalAPIEngineBridge.001.csproj", "{F0799D6F-5687-CA6D-82D1-EB50AFA3B0C1}"
EndProject
Project("{FAE04EC0-301F-11D3-BF4B-00C04F79EFBC}") = "Unity.RenderPipeline.Universal.ShaderLibrary", "Unity.RenderPipeline.Universal.ShaderLibrary.csproj", "{F9791F3F-19F9-6D98-CB86-134CF8B270D8}"
EndProject
Project("{FAE04EC0-301F-11D3-BF4B-00C04F79EFBC}") = "Unity.ProBuilder.Stl", "Unity.ProBuilder.Stl.csproj", "{FAD15F3F-2B01-14CA-D8E8-7AD84A71F7F7}"
EndProject
Project("{FAE04EC0-301F-11D3-BF4B-00C04F79EFBC}") = "Unity.RenderPipelines.Universal.Shaders", "Unity.RenderPipelines.Universal.Shaders.csproj", "{D85D7EFE-780C-7068-C981-05B18F868B38}"
EndProject
Project("{FAE04EC0-301F-11D3-BF4B-00C04F79EFBC}") = "Unity.RenderPipelines.ShaderGraph.ShaderGraphLibrary", "Unity.RenderPipelines.ShaderGraph.ShaderGraphLibrary.csproj", "{203ABC86-9F47-E1D9-B58C-57889FC97403}"
EndProject
Project("{FAE04EC0-301F-11D3-BF4B-00C04F79EFBC}") = "Unity.PlasticSCM.Editor", "Unity.PlasticSCM.Editor.csproj", "{9BF15C3B-E08D-8BF2-2F2B-03A4FAE8B1E3}"
EndProject
Project("{FAE04EC0-301F-11D3-BF4B-00C04F79EFBC}") = "Unity.ShaderGraph.Editor", "Unity.ShaderGraph.Editor.csproj", "{72EC885D-D3C9-64EC-32A5-C1F6ACD07637}"
EndProject
Project("{FAE04EC0-301F-11D3-BF4B-00C04F79EFBC}") = "UnityEditor.UIBuilderModule", "UnityEditor.UIBuilderModule.csproj", "{40B568D9-9B62-83ED-BF87-19F970A3A8F1}"
EndProject
Project("{FAE04EC0-301F-11D3-BF4B-00C04F79EFBC}") = "Unity.VisualStudio.Editor", "Unity.VisualStudio.Editor.csproj", "{5075D8B8-CE7E-81AA-DCE4-1055F1EA2B88}"
EndProject
Project("{FAE04EC0-301F-11D3-BF4B-00C04F79EFBC}") = "Unity.ProBuilder.Editor", "Unity.ProBuilder.Editor.csproj", "{F8E39552-096F-BF60-A23A-A8FED3744B84}"
EndProject
Project("{FAE04EC0-301F-11D3-BF4B-00C04F79EFBC}") = "Unity.Timeline.Editor", "Unity.Timeline.Editor.csproj", "{7FF0BEB0-21E8-678C-F903-1A61812628A0}"
EndProject
Project("{FAE04EC0-301F-11D3-BF4B-00C04F79EFBC}") = "com.unity.cinemachine.editor", "com.unity.cinemachine.editor.csproj", "{E2463321-1623-87B8-38E2-700AF5CD6DBD}"
EndProject
Project("{FAE04EC0-301F-11D3-BF4B-00C04F79EFBC}") = "Unity.TextMeshPro.Editor", "Unity.TextMeshPro.Editor.csproj", "{3E61B092-7104-318A-43D5-90D6EB8613AE}"
EndProject
Project("{FAE04EC0-301F-11D3-BF4B-00C04F79EFBC}") = "Unity.2D.Animation.Editor", "Unity.2D.Animation.Editor.csproj", "{EE217799-3ED0-BF05-3EB4-D7627D7550AA}"
EndProject
Project("{FAE04EC0-301F-11D3-BF4B-00C04F79EFBC}") = "Unity.CollabProxy.Editor", "Unity.CollabProxy.Editor.csproj", "{FB99E7DD-B158-7CCD-DA1A-86C2D118D560}"
EndProject
Project("{FAE04EC0-301F-11D3-BF4B-00C04F79EFBC}") = "UnityEditor.TestRunner", "UnityEditor.TestRunner.csproj", "{9EA13C58-BCDD-9DBC-A89F-14DE45D74792}"
EndProject
Project("{FAE04EC0-301F-11D3-BF4B-00C04F79EFBC}") = "Unity.Rider.Editor", "Unity.Rider.Editor.csproj", "{CBFDC8B3-957C-FEF4-058C-6F1280ACC9BF}"
EndProject
Project("{FAE04EC0-301F-11D3-BF4B-00C04F79EFBC}") = "Unity.2D.Path.Editor", "Unity.2D.Path.Editor.csproj", "{1C59B187-EFA0-D762-7E8F-09F024CEF27A}"
EndProject
Project("{FAE04EC0-301F-11D3-BF4B-00C04F79EFBC}") = "Unity.RenderPipelines.Universal.Editor", "Unity.RenderPipelines.Universal.Editor.csproj", "{C6A8A311-7988-3092-9CE7-81DE1C91B315}"
EndProject
Project("{FAE04EC0-301F-11D3-BF4B-00C04F79EFBC}") = "Unity.Services.Core.Editor", "Unity.Services.Core.Editor.csproj", "{B0B26E87-9BA9-C4D3-3081-60A82AA3C32D}"
EndProject
Project("{FAE04EC0-301F-11D3-BF4B-00C04F79EFBC}") = "PsdPlugin", "PsdPlugin.csproj", "{2B8B9B9D-24AD-0081-04CB-E123613A8EAF}"
EndProject
Project("{FAE04EC0-301F-11D3-BF4B-00C04F79EFBC}") = "Unity.RenderPipelines.Core.Editor", "Unity.RenderPipelines.Core.Editor.csproj", "{1DB47CFD-5E38-B976-A404-15D14E419013}"
EndProject
Project("{FAE04EC0-301F-11D3-BF4B-00C04F79EFBC}") = "Unity.Searcher.Editor", "Unity.Searcher.Editor.csproj", "{102FFF5A-B423-B48A-AD24-0EAEF81C2E67}"
EndProject
Project("{FAE04EC0-301F-11D3-BF4B-00C04F79EFBC}") = "Unity.2D.IK.Editor", "Unity.2D.IK.Editor.csproj", "{326AA266-E1DC-B1AE-3B40-62321B215D10}"
EndProject
Project("{FAE04EC0-301F-11D3-BF4B-00C04F79EFBC}") = "Unity.2D.Psdimporter.Editor", "Unity.2D.Psdimporter.Editor.csproj", "{7A1E294A-41A8-2704-B65C-2ED46EAA3A7E}"
EndProject
Project("{FAE04EC0-301F-11D3-BF4B-00C04F79EFBC}") = "Unity.2D.SpriteShape.Editor", "Unity.2D.SpriteShape.Editor.csproj", "{9179B23B-0E2C-3C07-0643-20C39E41884B}"
EndProject
Project("{FAE04EC0-301F-11D3-BF4B-00C04F79EFBC}") = "Unity.2D.Tilemap.Editor", "Unity.2D.Tilemap.Editor.csproj", "{2FBC86E2-6D06-F9FC-FA41-35D8FCA31A5B}"
EndProject
Project("{FAE04EC0-301F-11D3-BF4B-00C04F79EFBC}") = "Unity.2D.Animation.Triangle.Editor", "Unity.2D.Animation.Triangle.Editor.csproj", "{AEA384D4-39A8-3656-6196-4D4B7C4C9E5D}"
EndProject
Project("{FAE04EC0-301F-11D3-BF4B-00C04F79EFBC}") = "Unity.2D.PixelPerfect.Editor", "Unity.2D.PixelPerfect.Editor.csproj", "{0AF4CD46-CEBE-14A7-6029-0D1FFE19653B}"
EndProject
Project("{FAE04EC0-301F-11D3-BF4B-00C04F79EFBC}") = "Unity.VSCode.Editor", "Unity.VSCode.Editor.csproj", "{FB505B90-9081-53A8-60F4-65579534E486}"
EndProject
Project("{FAE04EC0-301F-11D3-BF4B-00C04F79EFBC}") = "Unity.ProBuilder.AssetIdRemapUtility", "Unity.ProBuilder.AssetIdRemapUtility.csproj", "{E1002309-32CD-7C93-D9E9-2849FB23B215}"
EndProject
Project("{FAE04EC0-301F-11D3-BF4B-00C04F79EFBC}") = "Unity.2D.Sprite.Editor", "Unity.2D.Sprite.Editor.csproj", "{3BE24FD5-AAF4-6692-226C-23714E8ED90F}"
EndProject
Project("{FAE04EC0-301F-11D3-BF4B-00C04F79EFBC}") = "UnityEditor.UI", "UnityEditor.UI.csproj", "{8F4E4CDC-61EF-23E9-3E3D-701D3BB7452B}"
EndProject
Project("{FAE04EC0-301F-11D3-BF4B-00C04F79EFBC}") = "Unity.Settings.Editor", "Unity.Settings.Editor.csproj", "{38E42D7A-6B6A-7DE2-1F59-AC4DAED6079D}"
EndProject
Project("{FAE04EC0-301F-11D3-BF4B-00C04F79EFBC}") = "Unity.Mathematics.Editor", "Unity.Mathematics.Editor.csproj", "{385D1A29-2B47-7352-DB7B-4F086B89C2FC}"
EndProject
Project("{FAE04EC0-301F-11D3-BF4B-00C04F79EFBC}") = "Unity.2D.Common.Editor", "Unity.2D.Common.Editor.csproj", "{67A8394F-AAD9-CE76-F2BD-EF55A217F373}"
EndProject
Project("{FAE04EC0-301F-11D3-BF4B-00C04F79EFBC}") = "Unity.InternalAPIEditorBridge.001", "Unity.InternalAPIEditorBridge.001.csproj", "{9760C825-C876-A892-3AB9-AA1F10324583}"
EndProject
Project("{FAE04EC0-301F-11D3-BF4B-00C04F79EFBC}") = "Unity.ShaderGraph.Utilities", "Unity.ShaderGraph.Utilities.csproj", "{3BB62BD5-A076-D4D4-8B66-382EDCCD57E4}"
EndProject
Project("{FAE04EC0-301F-11D3-BF4B-00C04F79EFBC}") = "Unity.ProBuilder.AddOns.Editor", "Unity.ProBuilder.AddOns.Editor.csproj", "{1670FD21-ECEF-20AE-AFE2-0CE0DE18B0E5}"
EndProject
Global
	GlobalSection(SolutionConfigurationPlatforms) = preSolution
		Debug|Any CPU = Debug|Any CPU
		Release|Any CPU = Release|Any CPU
	EndGlobalSection
	GlobalSection(ProjectConfigurationPlatforms) = postSolution
		{2293456A-6295-4231-701A-90B6AAFC2875}.Debug|Any CPU.ActiveCfg = Debug|Any CPU
		{2293456A-6295-4231-701A-90B6AAFC2875}.Debug|Any CPU.Build.0 = Debug|Any CPU
		{2293456A-6295-4231-701A-90B6AAFC2875}.Release|Any CPU.ActiveCfg = Release|Any CPU
		{2293456A-6295-4231-701A-90B6AAFC2875}.Release|Any CPU.Build.0 = Release|Any CPU
		{6937F6A8-3AB3-AE1A-48CE-AE8E6693FA8A}.Debug|Any CPU.ActiveCfg = Debug|Any CPU
		{6937F6A8-3AB3-AE1A-48CE-AE8E6693FA8A}.Debug|Any CPU.Build.0 = Debug|Any CPU
		{6937F6A8-3AB3-AE1A-48CE-AE8E6693FA8A}.Release|Any CPU.ActiveCfg = Release|Any CPU
		{6937F6A8-3AB3-AE1A-48CE-AE8E6693FA8A}.Release|Any CPU.Build.0 = Release|Any CPU
		{9794F83A-4066-6419-A3E1-A9025D759C1E}.Debug|Any CPU.ActiveCfg = Debug|Any CPU
		{9794F83A-4066-6419-A3E1-A9025D759C1E}.Debug|Any CPU.Build.0 = Debug|Any CPU
		{9794F83A-4066-6419-A3E1-A9025D759C1E}.Release|Any CPU.ActiveCfg = Release|Any CPU
		{9794F83A-4066-6419-A3E1-A9025D759C1E}.Release|Any CPU.Build.0 = Release|Any CPU
		{50C69ABC-7784-F07D-A5CE-7753C644179D}.Debug|Any CPU.ActiveCfg = Debug|Any CPU
		{50C69ABC-7784-F07D-A5CE-7753C644179D}.Debug|Any CPU.Build.0 = Debug|Any CPU
		{50C69ABC-7784-F07D-A5CE-7753C644179D}.Release|Any CPU.ActiveCfg = Release|Any CPU
		{50C69ABC-7784-F07D-A5CE-7753C644179D}.Release|Any CPU.Build.0 = Release|Any CPU
		{CFD063AE-C1CE-A13D-430B-ABFC6F409C6A}.Debug|Any CPU.ActiveCfg = Debug|Any CPU
		{CFD063AE-C1CE-A13D-430B-ABFC6F409C6A}.Debug|Any CPU.Build.0 = Debug|Any CPU
		{CFD063AE-C1CE-A13D-430B-ABFC6F409C6A}.Release|Any CPU.ActiveCfg = Release|Any CPU
		{CFD063AE-C1CE-A13D-430B-ABFC6F409C6A}.Release|Any CPU.Build.0 = Release|Any CPU
		{676ECBCA-C808-4F99-DC1A-0404443EAB6E}.Debug|Any CPU.ActiveCfg = Debug|Any CPU
		{676ECBCA-C808-4F99-DC1A-0404443EAB6E}.Debug|Any CPU.Build.0 = Debug|Any CPU
		{676ECBCA-C808-4F99-DC1A-0404443EAB6E}.Release|Any CPU.ActiveCfg = Release|Any CPU
		{676ECBCA-C808-4F99-DC1A-0404443EAB6E}.Release|Any CPU.Build.0 = Release|Any CPU
		{6998DBC7-58EF-CC20-D8D5-89A9A8CE5090}.Debug|Any CPU.ActiveCfg = Debug|Any CPU
		{6998DBC7-58EF-CC20-D8D5-89A9A8CE5090}.Debug|Any CPU.Build.0 = Debug|Any CPU
		{6998DBC7-58EF-CC20-D8D5-89A9A8CE5090}.Release|Any CPU.ActiveCfg = Release|Any CPU
		{6998DBC7-58EF-CC20-D8D5-89A9A8CE5090}.Release|Any CPU.Build.0 = Release|Any CPU
		{1088DBEC-50CE-CFCA-1C59-16389DD6E53D}.Debug|Any CPU.ActiveCfg = Debug|Any CPU
		{1088DBEC-50CE-CFCA-1C59-16389DD6E53D}.Debug|Any CPU.Build.0 = Debug|Any CPU
		{1088DBEC-50CE-CFCA-1C59-16389DD6E53D}.Release|Any CPU.ActiveCfg = Release|Any CPU
		{1088DBEC-50CE-CFCA-1C59-16389DD6E53D}.Release|Any CPU.Build.0 = Release|Any CPU
		{8F2769AD-58A2-9F34-292A-3ACBCFE2F07E}.Debug|Any CPU.ActiveCfg = Debug|Any CPU
		{8F2769AD-58A2-9F34-292A-3ACBCFE2F07E}.Debug|Any CPU.Build.0 = Debug|Any CPU
		{8F2769AD-58A2-9F34-292A-3ACBCFE2F07E}.Release|Any CPU.ActiveCfg = Release|Any CPU
		{8F2769AD-58A2-9F34-292A-3ACBCFE2F07E}.Release|Any CPU.Build.0 = Release|Any CPU
		{E574012E-8516-E407-2775-93FA42489690}.Debug|Any CPU.ActiveCfg = Debug|Any CPU
		{E574012E-8516-E407-2775-93FA42489690}.Debug|Any CPU.Build.0 = Debug|Any CPU
		{E574012E-8516-E407-2775-93FA42489690}.Release|Any CPU.ActiveCfg = Release|Any CPU
		{E574012E-8516-E407-2775-93FA42489690}.Release|Any CPU.Build.0 = Release|Any CPU
		{6DEDC28B-1F96-E0BC-327C-AF6DF99FFE58}.Debug|Any CPU.ActiveCfg = Debug|Any CPU
		{6DEDC28B-1F96-E0BC-327C-AF6DF99FFE58}.Debug|Any CPU.Build.0 = Debug|Any CPU
		{6DEDC28B-1F96-E0BC-327C-AF6DF99FFE58}.Release|Any CPU.ActiveCfg = Release|Any CPU
		{6DEDC28B-1F96-E0BC-327C-AF6DF99FFE58}.Release|Any CPU.Build.0 = Release|Any CPU
		{1B7453EE-FA8E-662F-9A70-B93B6582F83C}.Debug|Any CPU.ActiveCfg = Debug|Any CPU
		{1B7453EE-FA8E-662F-9A70-B93B6582F83C}.Debug|Any CPU.Build.0 = Debug|Any CPU
		{1B7453EE-FA8E-662F-9A70-B93B6582F83C}.Release|Any CPU.ActiveCfg = Release|Any CPU
		{1B7453EE-FA8E-662F-9A70-B93B6582F83C}.Release|Any CPU.Build.0 = Release|Any CPU
		{9C3B3CEB-0D7C-36FE-E793-651EF7CDE4F6}.Debug|Any CPU.ActiveCfg = Debug|Any CPU
		{9C3B3CEB-0D7C-36FE-E793-651EF7CDE4F6}.Debug|Any CPU.Build.0 = Debug|Any CPU
		{9C3B3CEB-0D7C-36FE-E793-651EF7CDE4F6}.Release|Any CPU.ActiveCfg = Release|Any CPU
		{9C3B3CEB-0D7C-36FE-E793-651EF7CDE4F6}.Release|Any CPU.Build.0 = Release|Any CPU
		{22EC11D5-D9AD-7455-AF9C-392A082BD4A2}.Debug|Any CPU.ActiveCfg = Debug|Any CPU
		{22EC11D5-D9AD-7455-AF9C-392A082BD4A2}.Debug|Any CPU.Build.0 = Debug|Any CPU
		{22EC11D5-D9AD-7455-AF9C-392A082BD4A2}.Release|Any CPU.ActiveCfg = Release|Any CPU
		{22EC11D5-D9AD-7455-AF9C-392A082BD4A2}.Release|Any CPU.Build.0 = Release|Any CPU
		{D80FDE0D-8875-4172-0B24-13FED460E0C2}.Debug|Any CPU.ActiveCfg = Debug|Any CPU
		{D80FDE0D-8875-4172-0B24-13FED460E0C2}.Debug|Any CPU.Build.0 = Debug|Any CPU
		{D80FDE0D-8875-4172-0B24-13FED460E0C2}.Release|Any CPU.ActiveCfg = Release|Any CPU
		{D80FDE0D-8875-4172-0B24-13FED460E0C2}.Release|Any CPU.Build.0 = Release|Any CPU
		{E83FC6FC-65B3-C274-1A04-1D701CEACD43}.Debug|Any CPU.ActiveCfg = Debug|Any CPU
		{E83FC6FC-65B3-C274-1A04-1D701CEACD43}.Debug|Any CPU.Build.0 = Debug|Any CPU
		{E83FC6FC-65B3-C274-1A04-1D701CEACD43}.Release|Any CPU.ActiveCfg = Release|Any CPU
		{E83FC6FC-65B3-C274-1A04-1D701CEACD43}.Release|Any CPU.Build.0 = Release|Any CPU
		{273325FC-0A9C-E97C-ADC5-AB3CD9175D0B}.Debug|Any CPU.ActiveCfg = Debug|Any CPU
		{273325FC-0A9C-E97C-ADC5-AB3CD9175D0B}.Debug|Any CPU.Build.0 = Debug|Any CPU
		{273325FC-0A9C-E97C-ADC5-AB3CD9175D0B}.Release|Any CPU.ActiveCfg = Release|Any CPU
		{273325FC-0A9C-E97C-ADC5-AB3CD9175D0B}.Release|Any CPU.Build.0 = Release|Any CPU
		{22816216-803D-0ECA-6056-C0FA8449C1E2}.Debug|Any CPU.ActiveCfg = Debug|Any CPU
		{22816216-803D-0ECA-6056-C0FA8449C1E2}.Debug|Any CPU.Build.0 = Debug|Any CPU
		{22816216-803D-0ECA-6056-C0FA8449C1E2}.Release|Any CPU.ActiveCfg = Release|Any CPU
		{22816216-803D-0ECA-6056-C0FA8449C1E2}.Release|Any CPU.Build.0 = Release|Any CPU
		{D8EA1C8B-34CC-C8D2-63F7-389C96074BA8}.Debug|Any CPU.ActiveCfg = Debug|Any CPU
		{D8EA1C8B-34CC-C8D2-63F7-389C96074BA8}.Debug|Any CPU.Build.0 = Debug|Any CPU
		{D8EA1C8B-34CC-C8D2-63F7-389C96074BA8}.Release|Any CPU.ActiveCfg = Release|Any CPU
		{D8EA1C8B-34CC-C8D2-63F7-389C96074BA8}.Release|Any CPU.Build.0 = Release|Any CPU
		{F0799D6F-5687-CA6D-82D1-EB50AFA3B0C1}.Debug|Any CPU.ActiveCfg = Debug|Any CPU
		{F0799D6F-5687-CA6D-82D1-EB50AFA3B0C1}.Debug|Any CPU.Build.0 = Debug|Any CPU
		{F0799D6F-5687-CA6D-82D1-EB50AFA3B0C1}.Release|Any CPU.ActiveCfg = Release|Any CPU
		{F0799D6F-5687-CA6D-82D1-EB50AFA3B0C1}.Release|Any CPU.Build.0 = Release|Any CPU
		{F9791F3F-19F9-6D98-CB86-134CF8B270D8}.Debug|Any CPU.ActiveCfg = Debug|Any CPU
		{F9791F3F-19F9-6D98-CB86-134CF8B270D8}.Debug|Any CPU.Build.0 = Debug|Any CPU
		{F9791F3F-19F9-6D98-CB86-134CF8B270D8}.Release|Any CPU.ActiveCfg = Release|Any CPU
		{F9791F3F-19F9-6D98-CB86-134CF8B270D8}.Release|Any CPU.Build.0 = Release|Any CPU
		{FAD15F3F-2B01-14CA-D8E8-7AD84A71F7F7}.Debug|Any CPU.ActiveCfg = Debug|Any CPU
		{FAD15F3F-2B01-14CA-D8E8-7AD84A71F7F7}.Debug|Any CPU.Build.0 = Debug|Any CPU
		{FAD15F3F-2B01-14CA-D8E8-7AD84A71F7F7}.Release|Any CPU.ActiveCfg = Release|Any CPU
		{FAD15F3F-2B01-14CA-D8E8-7AD84A71F7F7}.Release|Any CPU.Build.0 = Release|Any CPU
		{D85D7EFE-780C-7068-C981-05B18F868B38}.Debug|Any CPU.ActiveCfg = Debug|Any CPU
		{D85D7EFE-780C-7068-C981-05B18F868B38}.Debug|Any CPU.Build.0 = Debug|Any CPU
		{D85D7EFE-780C-7068-C981-05B18F868B38}.Release|Any CPU.ActiveCfg = Release|Any CPU
		{D85D7EFE-780C-7068-C981-05B18F868B38}.Release|Any CPU.Build.0 = Release|Any CPU
		{203ABC86-9F47-E1D9-B58C-57889FC97403}.Debug|Any CPU.ActiveCfg = Debug|Any CPU
		{203ABC86-9F47-E1D9-B58C-57889FC97403}.Debug|Any CPU.Build.0 = Debug|Any CPU
		{203ABC86-9F47-E1D9-B58C-57889FC97403}.Release|Any CPU.ActiveCfg = Release|Any CPU
		{203ABC86-9F47-E1D9-B58C-57889FC97403}.Release|Any CPU.Build.0 = Release|Any CPU
		{9BF15C3B-E08D-8BF2-2F2B-03A4FAE8B1E3}.Debug|Any CPU.ActiveCfg = Debug|Any CPU
		{9BF15C3B-E08D-8BF2-2F2B-03A4FAE8B1E3}.Debug|Any CPU.Build.0 = Debug|Any CPU
		{9BF15C3B-E08D-8BF2-2F2B-03A4FAE8B1E3}.Release|Any CPU.ActiveCfg = Release|Any CPU
		{9BF15C3B-E08D-8BF2-2F2B-03A4FAE8B1E3}.Release|Any CPU.Build.0 = Release|Any CPU
		{72EC885D-D3C9-64EC-32A5-C1F6ACD07637}.Debug|Any CPU.ActiveCfg = Debug|Any CPU
		{72EC885D-D3C9-64EC-32A5-C1F6ACD07637}.Debug|Any CPU.Build.0 = Debug|Any CPU
		{72EC885D-D3C9-64EC-32A5-C1F6ACD07637}.Release|Any CPU.ActiveCfg = Release|Any CPU
		{72EC885D-D3C9-64EC-32A5-C1F6ACD07637}.Release|Any CPU.Build.0 = Release|Any CPU
		{40B568D9-9B62-83ED-BF87-19F970A3A8F1}.Debug|Any CPU.ActiveCfg = Debug|Any CPU
		{40B568D9-9B62-83ED-BF87-19F970A3A8F1}.Debug|Any CPU.Build.0 = Debug|Any CPU
		{40B568D9-9B62-83ED-BF87-19F970A3A8F1}.Release|Any CPU.ActiveCfg = Release|Any CPU
		{40B568D9-9B62-83ED-BF87-19F970A3A8F1}.Release|Any CPU.Build.0 = Release|Any CPU
		{5075D8B8-CE7E-81AA-DCE4-1055F1EA2B88}.Debug|Any CPU.ActiveCfg = Debug|Any CPU
		{5075D8B8-CE7E-81AA-DCE4-1055F1EA2B88}.Debug|Any CPU.Build.0 = Debug|Any CPU
		{5075D8B8-CE7E-81AA-DCE4-1055F1EA2B88}.Release|Any CPU.ActiveCfg = Release|Any CPU
		{5075D8B8-CE7E-81AA-DCE4-1055F1EA2B88}.Release|Any CPU.Build.0 = Release|Any CPU
		{F8E39552-096F-BF60-A23A-A8FED3744B84}.Debug|Any CPU.ActiveCfg = Debug|Any CPU
		{F8E39552-096F-BF60-A23A-A8FED3744B84}.Debug|Any CPU.Build.0 = Debug|Any CPU
		{F8E39552-096F-BF60-A23A-A8FED3744B84}.Release|Any CPU.ActiveCfg = Release|Any CPU
		{F8E39552-096F-BF60-A23A-A8FED3744B84}.Release|Any CPU.Build.0 = Release|Any CPU
		{7FF0BEB0-21E8-678C-F903-1A61812628A0}.Debug|Any CPU.ActiveCfg = Debug|Any CPU
		{7FF0BEB0-21E8-678C-F903-1A61812628A0}.Debug|Any CPU.Build.0 = Debug|Any CPU
		{7FF0BEB0-21E8-678C-F903-1A61812628A0}.Release|Any CPU.ActiveCfg = Release|Any CPU
		{7FF0BEB0-21E8-678C-F903-1A61812628A0}.Release|Any CPU.Build.0 = Release|Any CPU
		{E2463321-1623-87B8-38E2-700AF5CD6DBD}.Debug|Any CPU.ActiveCfg = Debug|Any CPU
		{E2463321-1623-87B8-38E2-700AF5CD6DBD}.Debug|Any CPU.Build.0 = Debug|Any CPU
		{E2463321-1623-87B8-38E2-700AF5CD6DBD}.Release|Any CPU.ActiveCfg = Release|Any CPU
		{E2463321-1623-87B8-38E2-700AF5CD6DBD}.Release|Any CPU.Build.0 = Release|Any CPU
		{3E61B092-7104-318A-43D5-90D6EB8613AE}.Debug|Any CPU.ActiveCfg = Debug|Any CPU
		{3E61B092-7104-318A-43D5-90D6EB8613AE}.Debug|Any CPU.Build.0 = Debug|Any CPU
		{3E61B092-7104-318A-43D5-90D6EB8613AE}.Release|Any CPU.ActiveCfg = Release|Any CPU
		{3E61B092-7104-318A-43D5-90D6EB8613AE}.Release|Any CPU.Build.0 = Release|Any CPU
		{EE217799-3ED0-BF05-3EB4-D7627D7550AA}.Debug|Any CPU.ActiveCfg = Debug|Any CPU
		{EE217799-3ED0-BF05-3EB4-D7627D7550AA}.Debug|Any CPU.Build.0 = Debug|Any CPU
		{EE217799-3ED0-BF05-3EB4-D7627D7550AA}.Release|Any CPU.ActiveCfg = Release|Any CPU
		{EE217799-3ED0-BF05-3EB4-D7627D7550AA}.Release|Any CPU.Build.0 = Release|Any CPU
		{FB99E7DD-B158-7CCD-DA1A-86C2D118D560}.Debug|Any CPU.ActiveCfg = Debug|Any CPU
		{FB99E7DD-B158-7CCD-DA1A-86C2D118D560}.Debug|Any CPU.Build.0 = Debug|Any CPU
		{FB99E7DD-B158-7CCD-DA1A-86C2D118D560}.Release|Any CPU.ActiveCfg = Release|Any CPU
		{FB99E7DD-B158-7CCD-DA1A-86C2D118D560}.Release|Any CPU.Build.0 = Release|Any CPU
		{9EA13C58-BCDD-9DBC-A89F-14DE45D74792}.Debug|Any CPU.ActiveCfg = Debug|Any CPU
		{9EA13C58-BCDD-9DBC-A89F-14DE45D74792}.Debug|Any CPU.Build.0 = Debug|Any CPU
		{9EA13C58-BCDD-9DBC-A89F-14DE45D74792}.Release|Any CPU.ActiveCfg = Release|Any CPU
		{9EA13C58-BCDD-9DBC-A89F-14DE45D74792}.Release|Any CPU.Build.0 = Release|Any CPU
		{CBFDC8B3-957C-FEF4-058C-6F1280ACC9BF}.Debug|Any CPU.ActiveCfg = Debug|Any CPU
		{CBFDC8B3-957C-FEF4-058C-6F1280ACC9BF}.Debug|Any CPU.Build.0 = Debug|Any CPU
		{CBFDC8B3-957C-FEF4-058C-6F1280ACC9BF}.Release|Any CPU.ActiveCfg = Release|Any CPU
		{CBFDC8B3-957C-FEF4-058C-6F1280ACC9BF}.Release|Any CPU.Build.0 = Release|Any CPU
		{1C59B187-EFA0-D762-7E8F-09F024CEF27A}.Debug|Any CPU.ActiveCfg = Debug|Any CPU
		{1C59B187-EFA0-D762-7E8F-09F024CEF27A}.Debug|Any CPU.Build.0 = Debug|Any CPU
		{1C59B187-EFA0-D762-7E8F-09F024CEF27A}.Release|Any CPU.ActiveCfg = Release|Any CPU
		{1C59B187-EFA0-D762-7E8F-09F024CEF27A}.Release|Any CPU.Build.0 = Release|Any CPU
		{C6A8A311-7988-3092-9CE7-81DE1C91B315}.Debug|Any CPU.ActiveCfg = Debug|Any CPU
		{C6A8A311-7988-3092-9CE7-81DE1C91B315}.Debug|Any CPU.Build.0 = Debug|Any CPU
		{C6A8A311-7988-3092-9CE7-81DE1C91B315}.Release|Any CPU.ActiveCfg = Release|Any CPU
		{C6A8A311-7988-3092-9CE7-81DE1C91B315}.Release|Any CPU.Build.0 = Release|Any CPU
		{B0B26E87-9BA9-C4D3-3081-60A82AA3C32D}.Debug|Any CPU.ActiveCfg = Debug|Any CPU
		{B0B26E87-9BA9-C4D3-3081-60A82AA3C32D}.Debug|Any CPU.Build.0 = Debug|Any CPU
		{B0B26E87-9BA9-C4D3-3081-60A82AA3C32D}.Release|Any CPU.ActiveCfg = Release|Any CPU
		{B0B26E87-9BA9-C4D3-3081-60A82AA3C32D}.Release|Any CPU.Build.0 = Release|Any CPU
		{2B8B9B9D-24AD-0081-04CB-E123613A8EAF}.Debug|Any CPU.ActiveCfg = Debug|Any CPU
		{2B8B9B9D-24AD-0081-04CB-E123613A8EAF}.Debug|Any CPU.Build.0 = Debug|Any CPU
		{2B8B9B9D-24AD-0081-04CB-E123613A8EAF}.Release|Any CPU.ActiveCfg = Release|Any CPU
		{2B8B9B9D-24AD-0081-04CB-E123613A8EAF}.Release|Any CPU.Build.0 = Release|Any CPU
		{1DB47CFD-5E38-B976-A404-15D14E419013}.Debug|Any CPU.ActiveCfg = Debug|Any CPU
		{1DB47CFD-5E38-B976-A404-15D14E419013}.Debug|Any CPU.Build.0 = Debug|Any CPU
		{1DB47CFD-5E38-B976-A404-15D14E419013}.Release|Any CPU.ActiveCfg = Release|Any CPU
		{1DB47CFD-5E38-B976-A404-15D14E419013}.Release|Any CPU.Build.0 = Release|Any CPU
		{102FFF5A-B423-B48A-AD24-0EAEF81C2E67}.Debug|Any CPU.ActiveCfg = Debug|Any CPU
		{102FFF5A-B423-B48A-AD24-0EAEF81C2E67}.Debug|Any CPU.Build.0 = Debug|Any CPU
		{102FFF5A-B423-B48A-AD24-0EAEF81C2E67}.Release|Any CPU.ActiveCfg = Release|Any CPU
		{102FFF5A-B423-B48A-AD24-0EAEF81C2E67}.Release|Any CPU.Build.0 = Release|Any CPU
		{326AA266-E1DC-B1AE-3B40-62321B215D10}.Debug|Any CPU.ActiveCfg = Debug|Any CPU
		{326AA266-E1DC-B1AE-3B40-62321B215D10}.Debug|Any CPU.Build.0 = Debug|Any CPU
		{326AA266-E1DC-B1AE-3B40-62321B215D10}.Release|Any CPU.ActiveCfg = Release|Any CPU
		{326AA266-E1DC-B1AE-3B40-62321B215D10}.Release|Any CPU.Build.0 = Release|Any CPU
		{7A1E294A-41A8-2704-B65C-2ED46EAA3A7E}.Debug|Any CPU.ActiveCfg = Debug|Any CPU
		{7A1E294A-41A8-2704-B65C-2ED46EAA3A7E}.Debug|Any CPU.Build.0 = Debug|Any CPU
		{7A1E294A-41A8-2704-B65C-2ED46EAA3A7E}.Release|Any CPU.ActiveCfg = Release|Any CPU
		{7A1E294A-41A8-2704-B65C-2ED46EAA3A7E}.Release|Any CPU.Build.0 = Release|Any CPU
		{9179B23B-0E2C-3C07-0643-20C39E41884B}.Debug|Any CPU.ActiveCfg = Debug|Any CPU
		{9179B23B-0E2C-3C07-0643-20C39E41884B}.Debug|Any CPU.Build.0 = Debug|Any CPU
		{9179B23B-0E2C-3C07-0643-20C39E41884B}.Release|Any CPU.ActiveCfg = Release|Any CPU
		{9179B23B-0E2C-3C07-0643-20C39E41884B}.Release|Any CPU.Build.0 = Release|Any CPU
		{2FBC86E2-6D06-F9FC-FA41-35D8FCA31A5B}.Debug|Any CPU.ActiveCfg = Debug|Any CPU
		{2FBC86E2-6D06-F9FC-FA41-35D8FCA31A5B}.Debug|Any CPU.Build.0 = Debug|Any CPU
		{2FBC86E2-6D06-F9FC-FA41-35D8FCA31A5B}.Release|Any CPU.ActiveCfg = Release|Any CPU
		{2FBC86E2-6D06-F9FC-FA41-35D8FCA31A5B}.Release|Any CPU.Build.0 = Release|Any CPU
		{AEA384D4-39A8-3656-6196-4D4B7C4C9E5D}.Debug|Any CPU.ActiveCfg = Debug|Any CPU
		{AEA384D4-39A8-3656-6196-4D4B7C4C9E5D}.Debug|Any CPU.Build.0 = Debug|Any CPU
		{AEA384D4-39A8-3656-6196-4D4B7C4C9E5D}.Release|Any CPU.ActiveCfg = Release|Any CPU
		{AEA384D4-39A8-3656-6196-4D4B7C4C9E5D}.Release|Any CPU.Build.0 = Release|Any CPU
		{0AF4CD46-CEBE-14A7-6029-0D1FFE19653B}.Debug|Any CPU.ActiveCfg = Debug|Any CPU
		{0AF4CD46-CEBE-14A7-6029-0D1FFE19653B}.Debug|Any CPU.Build.0 = Debug|Any CPU
		{0AF4CD46-CEBE-14A7-6029-0D1FFE19653B}.Release|Any CPU.ActiveCfg = Release|Any CPU
		{0AF4CD46-CEBE-14A7-6029-0D1FFE19653B}.Release|Any CPU.Build.0 = Release|Any CPU
		{FB505B90-9081-53A8-60F4-65579534E486}.Debug|Any CPU.ActiveCfg = Debug|Any CPU
		{FB505B90-9081-53A8-60F4-65579534E486}.Debug|Any CPU.Build.0 = Debug|Any CPU
		{FB505B90-9081-53A8-60F4-65579534E486}.Release|Any CPU.ActiveCfg = Release|Any CPU
		{FB505B90-9081-53A8-60F4-65579534E486}.Release|Any CPU.Build.0 = Release|Any CPU
		{E1002309-32CD-7C93-D9E9-2849FB23B215}.Debug|Any CPU.ActiveCfg = Debug|Any CPU
		{E1002309-32CD-7C93-D9E9-2849FB23B215}.Debug|Any CPU.Build.0 = Debug|Any CPU
		{E1002309-32CD-7C93-D9E9-2849FB23B215}.Release|Any CPU.ActiveCfg = Release|Any CPU
		{E1002309-32CD-7C93-D9E9-2849FB23B215}.Release|Any CPU.Build.0 = Release|Any CPU
		{3BE24FD5-AAF4-6692-226C-23714E8ED90F}.Debug|Any CPU.ActiveCfg = Debug|Any CPU
		{3BE24FD5-AAF4-6692-226C-23714E8ED90F}.Debug|Any CPU.Build.0 = Debug|Any CPU
		{3BE24FD5-AAF4-6692-226C-23714E8ED90F}.Release|Any CPU.ActiveCfg = Release|Any CPU
		{3BE24FD5-AAF4-6692-226C-23714E8ED90F}.Release|Any CPU.Build.0 = Release|Any CPU
		{8F4E4CDC-61EF-23E9-3E3D-701D3BB7452B}.Debug|Any CPU.ActiveCfg = Debug|Any CPU
		{8F4E4CDC-61EF-23E9-3E3D-701D3BB7452B}.Debug|Any CPU.Build.0 = Debug|Any CPU
		{8F4E4CDC-61EF-23E9-3E3D-701D3BB7452B}.Release|Any CPU.ActiveCfg = Release|Any CPU
		{8F4E4CDC-61EF-23E9-3E3D-701D3BB7452B}.Release|Any CPU.Build.0 = Release|Any CPU
		{38E42D7A-6B6A-7DE2-1F59-AC4DAED6079D}.Debug|Any CPU.ActiveCfg = Debug|Any CPU
		{38E42D7A-6B6A-7DE2-1F59-AC4DAED6079D}.Debug|Any CPU.Build.0 = Debug|Any CPU
		{38E42D7A-6B6A-7DE2-1F59-AC4DAED6079D}.Release|Any CPU.ActiveCfg = Release|Any CPU
		{38E42D7A-6B6A-7DE2-1F59-AC4DAED6079D}.Release|Any CPU.Build.0 = Release|Any CPU
		{385D1A29-2B47-7352-DB7B-4F086B89C2FC}.Debug|Any CPU.ActiveCfg = Debug|Any CPU
		{385D1A29-2B47-7352-DB7B-4F086B89C2FC}.Debug|Any CPU.Build.0 = Debug|Any CPU
		{385D1A29-2B47-7352-DB7B-4F086B89C2FC}.Release|Any CPU.ActiveCfg = Release|Any CPU
		{385D1A29-2B47-7352-DB7B-4F086B89C2FC}.Release|Any CPU.Build.0 = Release|Any CPU
		{67A8394F-AAD9-CE76-F2BD-EF55A217F373}.Debug|Any CPU.ActiveCfg = Debug|Any CPU
		{67A8394F-AAD9-CE76-F2BD-EF55A217F373}.Debug|Any CPU.Build.0 = Debug|Any CPU
		{67A8394F-AAD9-CE76-F2BD-EF55A217F373}.Release|Any CPU.ActiveCfg = Release|Any CPU
		{67A8394F-AAD9-CE76-F2BD-EF55A217F373}.Release|Any CPU.Build.0 = Release|Any CPU
		{9760C825-C876-A892-3AB9-AA1F10324583}.Debug|Any CPU.ActiveCfg = Debug|Any CPU
		{9760C825-C876-A892-3AB9-AA1F10324583}.Debug|Any CPU.Build.0 = Debug|Any CPU
		{9760C825-C876-A892-3AB9-AA1F10324583}.Release|Any CPU.ActiveCfg = Release|Any CPU
		{9760C825-C876-A892-3AB9-AA1F10324583}.Release|Any CPU.Build.0 = Release|Any CPU
		{3BB62BD5-A076-D4D4-8B66-382EDCCD57E4}.Debug|Any CPU.ActiveCfg = Debug|Any CPU
		{3BB62BD5-A076-D4D4-8B66-382EDCCD57E4}.Debug|Any CPU.Build.0 = Debug|Any CPU
		{3BB62BD5-A076-D4D4-8B66-382EDCCD57E4}.Release|Any CPU.ActiveCfg = Release|Any CPU
		{3BB62BD5-A076-D4D4-8B66-382EDCCD57E4}.Release|Any CPU.Build.0 = Release|Any CPU
		{1670FD21-ECEF-20AE-AFE2-0CE0DE18B0E5}.Debug|Any CPU.ActiveCfg = Debug|Any CPU
		{1670FD21-ECEF-20AE-AFE2-0CE0DE18B0E5}.Debug|Any CPU.Build.0 = Debug|Any CPU
		{1670FD21-ECEF-20AE-AFE2-0CE0DE18B0E5}.Release|Any CPU.ActiveCfg = Release|Any CPU
		{1670FD21-ECEF-20AE-AFE2-0CE0DE18B0E5}.Release|Any CPU.Build.0 = Release|Any CPU
	EndGlobalSection
	GlobalSection(SolutionProperties) = preSolution
		HideSolutionNode = FALSE
	EndGlobalSection
EndGlobal
